# This file is autogenerated, do not edit; changes may be undone by the next 'dep ensure'.


[[projects]]
  name = "github.com/mreiferson/go-snappystream"
  packages = [".","snappy-go"]
  revision = "028eae7ab5c4c9e2d1cb4c4ca1e53259bbe7e504"
  version = "v0.2.3"

[solve-meta]
  analyzer-name = "dep"
  analyzer-version = 1
  inputs-digest = "835a55852d3feb7d0bee135f63a280db039323bebba4f63ff98fef329d3aa0b4"
  solver-name = "gps-cdcl"
  solver-version = 1
